// !$*UTF8*$!
{
	archiveVersion = 1;
	classes = {
	};
	objectVersion = 55;
	objects = {

/* Begin PBXBuildFile section */
		55DC5088409BF0BEF1CDBBD7 /* Pods_MessengerTests.framework in Frameworks */ = {isa = PBXBuildFile; fileRef = B5BE52D68765099FF684CEC2 /* Pods_MessengerTests.framework */; };
		9AC5FF5882F11A43B88BE417 /* Pods_Messenger_MessengerUITests.framework in Frameworks */ = {isa = PBXBuildFile; fileRef = E10D0355C1AD8BD0335B093F /* Pods_Messenger_MessengerUITests.framework */; };
		C337C3D1272DBBC5002BFB43 /* AppDelegate.swift in Sources */ = {isa = PBXBuildFile; fileRef = C337C3D0272DBBC5002BFB43 /* AppDelegate.swift */; };
		C337C3D3272DBBC5002BFB43 /* SceneDelegate.swift in Sources */ = {isa = PBXBuildFile; fileRef = C337C3D2272DBBC5002BFB43 /* SceneDelegate.swift */; };
		C337C3D5272DBBC5002BFB43 /* ViewController.swift in Sources */ = {isa = PBXBuildFile; fileRef = C337C3D4272DBBC5002BFB43 /* ViewController.swift */; };
		C337C3D8272DBBC5002BFB43 /* Main.storyboard in Resources */ = {isa = PBXBuildFile; fileRef = C337C3D6272DBBC5002BFB43 /* Main.storyboard */; };
		C337C3DA272DBBC6002BFB43 /* Assets.xcassets in Resources */ = {isa = PBXBuildFile; fileRef = C337C3D9272DBBC6002BFB43 /* Assets.xcassets */; };
		C337C3DD272DBBC6002BFB43 /* LaunchScreen.storyboard in Resources */ = {isa = PBXBuildFile; fileRef = C337C3DB272DBBC6002BFB43 /* LaunchScreen.storyboard */; };
		C337C3E8272DBBC6002BFB43 /* MessengerTests.swift in Sources */ = {isa = PBXBuildFile; fileRef = C337C3E7272DBBC6002BFB43 /* MessengerTests.swift */; };
		C337C3F2272DBBC6002BFB43 /* MessengerUITests.swift in Sources */ = {isa = PBXBuildFile; fileRef = C337C3F1272DBBC6002BFB43 /* MessengerUITests.swift */; };
		C337C3F4272DBBC6002BFB43 /* MessengerUITestsLaunchTests.swift in Sources */ = {isa = PBXBuildFile; fileRef = C337C3F3272DBBC6002BFB43 /* MessengerUITestsLaunchTests.swift */; };
		C337C406272DBD60002BFB43 /* CreateAccountVC.swift in Sources */ = {isa = PBXBuildFile; fileRef = C337C405272DBD60002BFB43 /* CreateAccountVC.swift */; };
		D9A0469556497676B469457B /* Pods_Messenger.framework in Frameworks */ = {isa = PBXBuildFile; fileRef = 5A5BA7B6238CA0218656C632 /* Pods_Messenger.framework */; };
/* End PBXBuildFile section */

/* Begin PBXContainerItemProxy section */
		C337C3E4272DBBC6002BFB43 /* PBXContainerItemProxy */ = {
			isa = PBXContainerItemProxy;
			containerPortal = C337C3C5272DBBC5002BFB43 /* Project object */;
			proxyType = 1;
			remoteGlobalIDString = C337C3CC272DBBC5002BFB43;
			remoteInfo = Messenger;
		};
		C337C3EE272DBBC6002BFB43 /* PBXContainerItemProxy */ = {
			isa = PBXContainerItemProxy;
			containerPortal = C337C3C5272DBBC5002BFB43 /* Project object */;
			proxyType = 1;
			remoteGlobalIDString = C337C3CC272DBBC5002BFB43;
			remoteInfo = Messenger;
		};
/* End PBXContainerItemProxy section */

/* Begin PBXFileReference section */
		3A390351CA058DF60C47F5C1 /* Pods-MessengerTests.debug.xcconfig */ = {isa = PBXFileReference; includeInIndex = 1; lastKnownFileType = text.xcconfig; name = "Pods-MessengerTests.debug.xcconfig"; path = "Target Support Files/Pods-MessengerTests/Pods-MessengerTests.debug.xcconfig"; sourceTree = "<group>"; };
		52C49C720BB24B9C4B766167 /* Pods-MessengerTests.release.xcconfig */ = {isa = PBXFileReference; includeInIndex = 1; lastKnownFileType = text.xcconfig; name = "Pods-MessengerTests.release.xcconfig"; path = "Target Support Files/Pods-MessengerTests/Pods-MessengerTests.release.xcconfig"; sourceTree = "<group>"; };
		54BBEB1736E2453E5CF1D2A2 /* Pods-Messenger.release.xcconfig */ = {isa = PBXFileReference; includeInIndex = 1; lastKnownFileType = text.xcconfig; name = "Pods-Messenger.release.xcconfig"; path = "Target Support Files/Pods-Messenger/Pods-Messenger.release.xcconfig"; sourceTree = "<group>"; };
		5A5BA7B6238CA0218656C632 /* Pods_Messenger.framework */ = {isa = PBXFileReference; explicitFileType = wrapper.framework; includeInIndex = 0; path = Pods_Messenger.framework; sourceTree = BUILT_PRODUCTS_DIR; };
		60A8A14E17878679358C3474 /* Pods-Messenger-MessengerUITests.release.xcconfig */ = {isa = PBXFileReference; includeInIndex = 1; lastKnownFileType = text.xcconfig; name = "Pods-Messenger-MessengerUITests.release.xcconfig"; path = "Target Support Files/Pods-Messenger-MessengerUITests/Pods-Messenger-MessengerUITests.release.xcconfig"; sourceTree = "<group>"; };
		843F18BE68D2A9EF6E6515B6 /* Pods-Messenger-MessengerUITests.debug.xcconfig */ = {isa = PBXFileReference; includeInIndex = 1; lastKnownFileType = text.xcconfig; name = "Pods-Messenger-MessengerUITests.debug.xcconfig"; path = "Target Support Files/Pods-Messenger-MessengerUITests/Pods-Messenger-MessengerUITests.debug.xcconfig"; sourceTree = "<group>"; };
		B5BE52D68765099FF684CEC2 /* Pods_MessengerTests.framework */ = {isa = PBXFileReference; explicitFileType = wrapper.framework; includeInIndex = 0; path = Pods_MessengerTests.framework; sourceTree = BUILT_PRODUCTS_DIR; };
		C337C3CD272DBBC5002BFB43 /* Messenger.app */ = {isa = PBXFileReference; explicitFileType = wrapper.application; includeInIndex = 0; path = Messenger.app; sourceTree = BUILT_PRODUCTS_DIR; };
		C337C3D0272DBBC5002BFB43 /* AppDelegate.swift */ = {isa = PBXFileReference; lastKnownFileType = sourcecode.swift; path = AppDelegate.swift; sourceTree = "<group>"; };
		C337C3D2272DBBC5002BFB43 /* SceneDelegate.swift */ = {isa = PBXFileReference; lastKnownFileType = sourcecode.swift; path = SceneDelegate.swift; sourceTree = "<group>"; };
		C337C3D4272DBBC5002BFB43 /* ViewController.swift */ = {isa = PBXFileReference; lastKnownFileType = sourcecode.swift; path = ViewController.swift; sourceTree = "<group>"; };
		C337C3D7272DBBC5002BFB43 /* Base */ = {isa = PBXFileReference; lastKnownFileType = file.storyboard; name = Base; path = Base.lproj/Main.storyboard; sourceTree = "<group>"; };
		C337C3D9272DBBC6002BFB43 /* Assets.xcassets */ = {isa = PBXFileReference; lastKnownFileType = folder.assetcatalog; path = Assets.xcassets; sourceTree = "<group>"; };
		C337C3DC272DBBC6002BFB43 /* Base */ = {isa = PBXFileReference; lastKnownFileType = file.storyboard; name = Base; path = Base.lproj/LaunchScreen.storyboard; sourceTree = "<group>"; };
		C337C3DE272DBBC6002BFB43 /* Info.plist */ = {isa = PBXFileReference; lastKnownFileType = text.plist.xml; path = Info.plist; sourceTree = "<group>"; };
		C337C3E3272DBBC6002BFB43 /* MessengerTests.xctest */ = {isa = PBXFileReference; explicitFileType = wrapper.cfbundle; includeInIndex = 0; path = MessengerTests.xctest; sourceTree = BUILT_PRODUCTS_DIR; };
		C337C3E7272DBBC6002BFB43 /* MessengerTests.swift */ = {isa = PBXFileReference; lastKnownFileType = sourcecode.swift; path = MessengerTests.swift; sourceTree = "<group>"; };
		C337C3ED272DBBC6002BFB43 /* MessengerUITests.xctest */ = {isa = PBXFileReference; explicitFileType = wrapper.cfbundle; includeInIndex = 0; path = MessengerUITests.xctest; sourceTree = BUILT_PRODUCTS_DIR; };
		C337C3F1272DBBC6002BFB43 /* MessengerUITests.swift */ = {isa = PBXFileReference; lastKnownFileType = sourcecode.swift; path = MessengerUITests.swift; sourceTree = "<group>"; };
		C337C3F3272DBBC6002BFB43 /* MessengerUITestsLaunchTests.swift */ = {isa = PBXFileReference; lastKnownFileType = sourcecode.swift; path = MessengerUITestsLaunchTests.swift; sourceTree = "<group>"; };
		C337C405272DBD60002BFB43 /* CreateAccountVC.swift */ = {isa = PBXFileReference; lastKnownFileType = sourcecode.swift; path = CreateAccountVC.swift; sourceTree = "<group>"; };
		E10D0355C1AD8BD0335B093F /* Pods_Messenger_MessengerUITests.framework */ = {isa = PBXFileReference; explicitFileType = wrapper.framework; includeInIndex = 0; path = Pods_Messenger_MessengerUITests.framework; sourceTree = BUILT_PRODUCTS_DIR; };
		F638B176E00779E806BEF38C /* Pods-Messenger.debug.xcconfig */ = {isa = PBXFileReference; includeInIndex = 1; lastKnownFileType = text.xcconfig; name = "Pods-Messenger.debug.xcconfig"; path = "Target Support Files/Pods-Messenger/Pods-Messenger.debug.xcconfig"; sourceTree = "<group>"; };
/* End PBXFileReference section */

/* Begin PBXFrameworksBuildPhase section */
		C337C3CA272DBBC5002BFB43 /* Frameworks */ = {
			isa = PBXFrameworksBuildPhase;
			buildActionMask = 2147483647;
			files = (
				D9A0469556497676B469457B /* Pods_Messenger.framework in Frameworks */,
			);
			runOnlyForDeploymentPostprocessing = 0;
		};
		C337C3E0272DBBC6002BFB43 /* Frameworks */ = {
			isa = PBXFrameworksBuildPhase;
			buildActionMask = 2147483647;
			files = (
				55DC5088409BF0BEF1CDBBD7 /* Pods_MessengerTests.framework in Frameworks */,
			);
			runOnlyForDeploymentPostprocessing = 0;
		};
		C337C3EA272DBBC6002BFB43 /* Frameworks */ = {
			isa = PBXFrameworksBuildPhase;
			buildActionMask = 2147483647;
			files = (
				9AC5FF5882F11A43B88BE417 /* Pods_Messenger_MessengerUITests.framework in Frameworks */,
			);
			runOnlyForDeploymentPostprocessing = 0;
		};
/* End PBXFrameworksBuildPhase section */

/* Begin PBXGroup section */
		384CFB0DE7F18A081A6CB5C3 /* Pods */ = {
			isa = PBXGroup;
			children = (
				F638B176E00779E806BEF38C /* Pods-Messenger.debug.xcconfig */,
				54BBEB1736E2453E5CF1D2A2 /* Pods-Messenger.release.xcconfig */,
				843F18BE68D2A9EF6E6515B6 /* Pods-Messenger-MessengerUITests.debug.xcconfig */,
				60A8A14E17878679358C3474 /* Pods-Messenger-MessengerUITests.release.xcconfig */,
				3A390351CA058DF60C47F5C1 /* Pods-MessengerTests.debug.xcconfig */,
				52C49C720BB24B9C4B766167 /* Pods-MessengerTests.release.xcconfig */,
			);
			path = Pods;
			sourceTree = "<group>";
		};
		A29D5A4E8B72910E1C4B971B /* Frameworks */ = {
			isa = PBXGroup;
			children = (
				5A5BA7B6238CA0218656C632 /* Pods_Messenger.framework */,
				E10D0355C1AD8BD0335B093F /* Pods_Messenger_MessengerUITests.framework */,
				B5BE52D68765099FF684CEC2 /* Pods_MessengerTests.framework */,
			);
			name = Frameworks;
			sourceTree = "<group>";
		};
		C337C3C4272DBBC5002BFB43 = {
			isa = PBXGroup;
			children = (
				C337C3CF272DBBC5002BFB43 /* Messenger */,
				C337C404272DBD0E002BFB43 /* Storyboards */,
				C337C401272DBCE1002BFB43 /* Controllers */,
				C337C400272DBCCF002BFB43 /* Resources */,
				C337C3E6272DBBC6002BFB43 /* MessengerTests */,
				C337C3F0272DBBC6002BFB43 /* MessengerUITests */,
				C337C3CE272DBBC5002BFB43 /* Products */,
				384CFB0DE7F18A081A6CB5C3 /* Pods */,
				A29D5A4E8B72910E1C4B971B /* Frameworks */,
			);
			sourceTree = "<group>";
		};
		C337C3CE272DBBC5002BFB43 /* Products */ = {
			isa = PBXGroup;
			children = (
				C337C3CD272DBBC5002BFB43 /* Messenger.app */,
				C337C3E3272DBBC6002BFB43 /* MessengerTests.xctest */,
				C337C3ED272DBBC6002BFB43 /* MessengerUITests.xctest */,
			);
			name = Products;
			sourceTree = "<group>";
		};
		C337C3CF272DBBC5002BFB43 /* Messenger */ = {
			isa = PBXGroup;
			children = (
				C337C3DE272DBBC6002BFB43 /* Info.plist */,
			);
			path = Messenger;
			sourceTree = "<group>";
		};
		C337C3E6272DBBC6002BFB43 /* MessengerTests */ = {
			isa = PBXGroup;
			children = (
				C337C3E7272DBBC6002BFB43 /* MessengerTests.swift */,
			);
			path = MessengerTests;
			sourceTree = "<group>";
		};
		C337C3F0272DBBC6002BFB43 /* MessengerUITests */ = {
			isa = PBXGroup;
			children = (
				C337C3F1272DBBC6002BFB43 /* MessengerUITests.swift */,
				C337C3F3272DBBC6002BFB43 /* MessengerUITestsLaunchTests.swift */,
			);
			path = MessengerUITests;
			sourceTree = "<group>";
		};
		C337C400272DBCCF002BFB43 /* Resources */ = {
			isa = PBXGroup;
			children = (
				C337C3D0272DBBC5002BFB43 /* AppDelegate.swift */,
				C337C3D2272DBBC5002BFB43 /* SceneDelegate.swift */,
			);
			path = Resources;
			sourceTree = "<group>";
		};
		C337C401272DBCE1002BFB43 /* Controllers */ = {
			isa = PBXGroup;
			children = (
				C337C403272DBD01002BFB43 /* Login */,
				C337C402272DBCF2002BFB43 /* CreateAccount */,
			);
			path = Controllers;
			sourceTree = "<group>";
		};
		C337C402272DBCF2002BFB43 /* CreateAccount */ = {
			isa = PBXGroup;
			children = (
				C337C405272DBD60002BFB43 /* CreateAccountVC.swift */,
			);
			path = CreateAccount;
			sourceTree = "<group>";
		};
		C337C403272DBD01002BFB43 /* Login */ = {
			isa = PBXGroup;
			children = (
				C337C3D4272DBBC5002BFB43 /* ViewController.swift */,
			);
			path = Login;
			sourceTree = "<group>";
		};
		C337C404272DBD0E002BFB43 /* Storyboards */ = {
			isa = PBXGroup;
			children = (
				C337C3DB272DBBC6002BFB43 /* LaunchScreen.storyboard */,
				C337C3D6272DBBC5002BFB43 /* Main.storyboard */,
				C337C3D9272DBBC6002BFB43 /* Assets.xcassets */,
			);
			path = Storyboards;
			sourceTree = "<group>";
		};
/* End PBXGroup section */

/* Begin PBXNativeTarget section */
		C337C3CC272DBBC5002BFB43 /* Messenger */ = {
			isa = PBXNativeTarget;
			buildConfigurationList = C337C3F7272DBBC6002BFB43 /* Build configuration list for PBXNativeTarget "Messenger" */;
			buildPhases = (
				CA6EBD6D1923081B2BF1DED4 /* [CP] Check Pods Manifest.lock */,
				C337C3C9272DBBC5002BFB43 /* Sources */,
				C337C3CA272DBBC5002BFB43 /* Frameworks */,
				C337C3CB272DBBC5002BFB43 /* Resources */,
				E02CB1BCD79581D5CEBDC175 /* [CP] Embed Pods Frameworks */,
			);
			buildRules = (
			);
			dependencies = (
			);
			name = Messenger;
			productName = Messenger;
			productReference = C337C3CD272DBBC5002BFB43 /* Messenger.app */;
			productType = "com.apple.product-type.application";
		};
		C337C3E2272DBBC6002BFB43 /* MessengerTests */ = {
			isa = PBXNativeTarget;
			buildConfigurationList = C337C3FA272DBBC6002BFB43 /* Build configuration list for PBXNativeTarget "MessengerTests" */;
			buildPhases = (
				1FD5723F5D8B8F636AB49B19 /* [CP] Check Pods Manifest.lock */,
				C337C3DF272DBBC6002BFB43 /* Sources */,
				C337C3E0272DBBC6002BFB43 /* Frameworks */,
				C337C3E1272DBBC6002BFB43 /* Resources */,
			);
			buildRules = (
			);
			dependencies = (
				C337C3E5272DBBC6002BFB43 /* PBXTargetDependency */,
			);
			name = MessengerTests;
			productName = MessengerTests;
			productReference = C337C3E3272DBBC6002BFB43 /* MessengerTests.xctest */;
			productType = "com.apple.product-type.bundle.unit-test";
		};
		C337C3EC272DBBC6002BFB43 /* MessengerUITests */ = {
			isa = PBXNativeTarget;
			buildConfigurationList = C337C3FD272DBBC6002BFB43 /* Build configuration list for PBXNativeTarget "MessengerUITests" */;
			buildPhases = (
				91C7C834D37D1BC882F20AED /* [CP] Check Pods Manifest.lock */,
				C337C3E9272DBBC6002BFB43 /* Sources */,
				C337C3EA272DBBC6002BFB43 /* Frameworks */,
				C337C3EB272DBBC6002BFB43 /* Resources */,
				BA7BD10A7760C609EF181401 /* [CP] Embed Pods Frameworks */,
			);
			buildRules = (
			);
			dependencies = (
				C337C3EF272DBBC6002BFB43 /* PBXTargetDependency */,
			);
			name = MessengerUITests;
			productName = MessengerUITests;
			productReference = C337C3ED272DBBC6002BFB43 /* MessengerUITests.xctest */;
			productType = "com.apple.product-type.bundle.ui-testing";
		};
/* End PBXNativeTarget section */

/* Begin PBXProject section */
		C337C3C5272DBBC5002BFB43 /* Project object */ = {
			isa = PBXProject;
			attributes = {
				BuildIndependentTargetsInParallel = 1;
				LastSwiftUpdateCheck = 1300;
				LastUpgradeCheck = 1300;
				TargetAttributes = {
					C337C3CC272DBBC5002BFB43 = {
						CreatedOnToolsVersion = 13.0;
					};
					C337C3E2272DBBC6002BFB43 = {
						CreatedOnToolsVersion = 13.0;
						TestTargetID = C337C3CC272DBBC5002BFB43;
					};
					C337C3EC272DBBC6002BFB43 = {
						CreatedOnToolsVersion = 13.0;
						TestTargetID = C337C3CC272DBBC5002BFB43;
					};
				};
			};
			buildConfigurationList = C337C3C8272DBBC5002BFB43 /* Build configuration list for PBXProject "Messenger" */;
			compatibilityVersion = "Xcode 13.0";
			developmentRegion = en;
			hasScannedForEncodings = 0;
			knownRegions = (
				en,
				Base,
			);
			mainGroup = C337C3C4272DBBC5002BFB43;
			productRefGroup = C337C3CE272DBBC5002BFB43 /* Products */;
			projectDirPath = "";
			projectRoot = "";
			targets = (
				C337C3CC272DBBC5002BFB43 /* Messenger */,
				C337C3E2272DBBC6002BFB43 /* MessengerTests */,
				C337C3EC272DBBC6002BFB43 /* MessengerUITests */,
			);
		};
/* End PBXProject section */

/* Begin PBXResourcesBuildPhase section */
		C337C3CB272DBBC5002BFB43 /* Resources */ = {
			isa = PBXResourcesBuildPhase;
			buildActionMask = 2147483647;
			files = (
				C337C3DD272DBBC6002BFB43 /* LaunchScreen.storyboard in Resources */,
				C337C3DA272DBBC6002BFB43 /* Assets.xcassets in Resources */,
				C337C3D8272DBBC5002BFB43 /* Main.storyboard in Resources */,
			);
			runOnlyForDeploymentPostprocessing = 0;
		};
		C337C3E1272DBBC6002BFB43 /* Resources */ = {
			isa = PBXResourcesBuildPhase;
			buildActionMask = 2147483647;
			files = (
			);
			runOnlyForDeploymentPostprocessing = 0;
		};
		C337C3EB272DBBC6002BFB43 /* Resources */ = {
			isa = PBXResourcesBuildPhase;
			buildActionMask = 2147483647;
			files = (
			);
			runOnlyForDeploymentPostprocessing = 0;
		};
/* End PBXResourcesBuildPhase section */

/* Begin PBXShellScriptBuildPhase section */
		1FD5723F5D8B8F636AB49B19 /* [CP] Check Pods Manifest.lock */ = {
			isa = PBXShellScriptBuildPhase;
			buildActionMask = 2147483647;
			files = (
			);
			inputFileListPaths = (
			);
			inputPaths = (
				"${PODS_PODFILE_DIR_PATH}/Podfile.lock",
				"${PODS_ROOT}/Manifest.lock",
			);
			name = "[CP] Check Pods Manifest.lock";
			outputFileListPaths = (
			);
			outputPaths = (
				"$(DERIVED_FILE_DIR)/Pods-MessengerTests-checkManifestLockResult.txt",
			);
			runOnlyForDeploymentPostprocessing = 0;
			shellPath = /bin/sh;
			shellScript = "diff \"${PODS_PODFILE_DIR_PATH}/Podfile.lock\" \"${PODS_ROOT}/Manifest.lock\" > /dev/null\nif [ $? != 0 ] ; then\n    # print error to STDERR\n    echo \"error: The sandbox is not in sync with the Podfile.lock. Run 'pod install' or update your CocoaPods installation.\" >&2\n    exit 1\nfi\n# This output is used by Xcode 'outputs' to avoid re-running this script phase.\necho \"SUCCESS\" > \"${SCRIPT_OUTPUT_FILE_0}\"\n";
			showEnvVarsInLog = 0;
		};
		91C7C834D37D1BC882F20AED /* [CP] Check Pods Manifest.lock */ = {
			isa = PBXShellScriptBuildPhase;
			buildActionMask = 2147483647;
			files = (
			);
			inputFileListPaths = (
			);
			inputPaths = (
				"${PODS_PODFILE_DIR_PATH}/Podfile.lock",
				"${PODS_ROOT}/Manifest.lock",
			);
			name = "[CP] Check Pods Manifest.lock";
			outputFileListPaths = (
			);
			outputPaths = (
				"$(DERIVED_FILE_DIR)/Pods-Messenger-MessengerUITests-checkManifestLockResult.txt",
			);
			runOnlyForDeploymentPostprocessing = 0;
			shellPath = /bin/sh;
			shellScript = "diff \"${PODS_PODFILE_DIR_PATH}/Podfile.lock\" \"${PODS_ROOT}/Manifest.lock\" > /dev/null\nif [ $? != 0 ] ; then\n    # print error to STDERR\n    echo \"error: The sandbox is not in sync with the Podfile.lock. Run 'pod install' or update your CocoaPods installation.\" >&2\n    exit 1\nfi\n# This output is used by Xcode 'outputs' to avoid re-running this script phase.\necho \"SUCCESS\" > \"${SCRIPT_OUTPUT_FILE_0}\"\n";
			showEnvVarsInLog = 0;
		};
		BA7BD10A7760C609EF181401 /* [CP] Embed Pods Frameworks */ = {
			isa = PBXShellScriptBuildPhase;
			buildActionMask = 2147483647;
			files = (
			);
			inputFileListPaths = (
				"${PODS_ROOT}/Target Support Files/Pods-Messenger-MessengerUITests/Pods-Messenger-MessengerUITests-frameworks-${CONFIGURATION}-input-files.xcfilelist",
			);
			name = "[CP] Embed Pods Frameworks";
			outputFileListPaths = (
				"${PODS_ROOT}/Target Support Files/Pods-Messenger-MessengerUITests/Pods-Messenger-MessengerUITests-frameworks-${CONFIGURATION}-output-files.xcfilelist",
			);
			runOnlyForDeploymentPostprocessing = 0;
			shellPath = /bin/sh;
			shellScript = "\"${PODS_ROOT}/Target Support Files/Pods-Messenger-MessengerUITests/Pods-Messenger-MessengerUITests-frameworks.sh\"\n";
			showEnvVarsInLog = 0;
		};
		CA6EBD6D1923081B2BF1DED4 /* [CP] Check Pods Manifest.lock */ = {
			isa = PBXShellScriptBuildPhase;
			buildActionMask = 2147483647;
			files = (
			);
			inputFileListPaths = (
			);
			inputPaths = (
				"${PODS_PODFILE_DIR_PATH}/Podfile.lock",
				"${PODS_ROOT}/Manifest.lock",
			);
			name = "[CP] Check Pods Manifest.lock";
			outputFileListPaths = (
			);
			outputPaths = (
				"$(DERIVED_FILE_DIR)/Pods-Messenger-checkManifestLockResult.txt",
			);
			runOnlyForDeploymentPostprocessing = 0;
			shellPath = /bin/sh;
			shellScript = "diff \"${PODS_PODFILE_DIR_PATH}/Podfile.lock\" \"${PODS_ROOT}/Manifest.lock\" > /dev/null\nif [ $? != 0 ] ; then\n    # print error to STDERR\n    echo \"error: The sandbox is not in sync with the Podfile.lock. Run 'pod install' or update your CocoaPods installation.\" >&2\n    exit 1\nfi\n# This output is used by Xcode 'outputs' to avoid re-running this script phase.\necho \"SUCCESS\" > \"${SCRIPT_OUTPUT_FILE_0}\"\n";
			showEnvVarsInLog = 0;
		};
		E02CB1BCD79581D5CEBDC175 /* [CP] Embed Pods Frameworks */ = {
			isa = PBXShellScriptBuildPhase;
			buildActionMask = 2147483647;
			files = (
			);
			inputFileListPaths = (
				"${PODS_ROOT}/Target Support Files/Pods-Messenger/Pods-Messenger-frameworks-${CONFIGURATION}-input-files.xcfilelist",
			);
			name = "[CP] Embed Pods Frameworks";
			outputFileListPaths = (
				"${PODS_ROOT}/Target Support Files/Pods-Messenger/Pods-Messenger-frameworks-${CONFIGURATION}-output-files.xcfilelist",
			);
			runOnlyForDeploymentPostprocessing = 0;
			shellPath = /bin/sh;
			shellScript = "\"${PODS_ROOT}/Target Support Files/Pods-Messenger/Pods-Messenger-frameworks.sh\"\n";
			showEnvVarsInLog = 0;
		};
/* End PBXShellScriptBuildPhase section */

/* Begin PBXSourcesBuildPhase section */
		C337C3C9272DBBC5002BFB43 /* Sources */ = {
			isa = PBXSourcesBuildPhase;
			buildActionMask = 2147483647;
			files = (
				C337C406272DBD60002BFB43 /* CreateAccountVC.swift in Sources */,
				C337C3D5272DBBC5002BFB43 /* ViewController.swift in Sources */,
				C337C3D1272DBBC5002BFB43 /* AppDelegate.swift in Sources */,
				C337C3D3272DBBC5002BFB43 /* SceneDelegate.swift in Sources */,
			);
			runOnlyForDeploymentPostprocessing = 0;
		};
		C337C3DF272DBBC6002BFB43 /* Sources */ = {
			isa = PBXSourcesBuildPhase;
			buildActionMask = 2147483647;
			files = (
				C337C3E8272DBBC6002BFB43 /* MessengerTests.swift in Sources */,
			);
			runOnlyForDeploymentPostprocessing = 0;
		};
		C337C3E9272DBBC6002BFB43 /* Sources */ = {
			isa = PBXSourcesBuildPhase;
			buildActionMask = 2147483647;
			files = (
				C337C3F4272DBBC6002BFB43 /* MessengerUITestsLaunchTests.swift in Sources */,
				C337C3F2272DBBC6002BFB43 /* MessengerUITests.swift in Sources */,
			);
			runOnlyForDeploymentPostprocessing = 0;
		};
/* End PBXSourcesBuildPhase section */

/* Begin PBXTargetDependency section */
		C337C3E5272DBBC6002BFB43 /* PBXTargetDependency */ = {
			isa = PBXTargetDependency;
			target = C337C3CC272DBBC5002BFB43 /* Messenger */;
			targetProxy = C337C3E4272DBBC6002BFB43 /* PBXContainerItemProxy */;
		};
		C337C3EF272DBBC6002BFB43 /* PBXTargetDependency */ = {
			isa = PBXTargetDependency;
			target = C337C3CC272DBBC5002BFB43 /* Messenger */;
			targetProxy = C337C3EE272DBBC6002BFB43 /* PBXContainerItemProxy */;
		};
/* End PBXTargetDependency section */

/* Begin PBXVariantGroup section */
		C337C3D6272DBBC5002BFB43 /* Main.storyboard */ = {
			isa = PBXVariantGroup;
			children = (
				C337C3D7272DBBC5002BFB43 /* Base */,
			);
			name = Main.storyboard;
			sourceTree = "<group>";
		};
		C337C3DB272DBBC6002BFB43 /* LaunchScreen.storyboard */ = {
			isa = PBXVariantGroup;
			children = (
				C337C3DC272DBBC6002BFB43 /* Base */,
			);
			name = LaunchScreen.storyboard;
			sourceTree = "<group>";
		};
/* End PBXVariantGroup section */

/* Begin XCBuildConfiguration section */
		C337C3F5272DBBC6002BFB43 /* Debug */ = {
			isa = XCBuildConfiguration;
			buildSettings = {
				ALWAYS_SEARCH_USER_PATHS = NO;
				CLANG_ANALYZER_NONNULL = YES;
				CLANG_ANALYZER_NUMBER_OBJECT_CONVERSION = YES_AGGRESSIVE;
				CLANG_CXX_LANGUAGE_STANDARD = "gnu++17";
				CLANG_CXX_LIBRARY = "libc++";
				CLANG_ENABLE_MODULES = YES;
				CLANG_ENABLE_OBJC_ARC = YES;
				CLANG_ENABLE_OBJC_WEAK = YES;
				CLANG_WARN_BLOCK_CAPTURE_AUTORELEASING = YES;
				CLANG_WARN_BOOL_CONVERSION = YES;
				CLANG_WARN_COMMA = YES;
				CLANG_WARN_CONSTANT_CONVERSION = YES;
				CLANG_WARN_DEPRECATED_OBJC_IMPLEMENTATIONS = YES;
				CLANG_WARN_DIRECT_OBJC_ISA_USAGE = YES_ERROR;
				CLANG_WARN_DOCUMENTATION_COMMENTS = YES;
				CLANG_WARN_EMPTY_BODY = YES;
				CLANG_WARN_ENUM_CONVERSION = YES;
				CLANG_WARN_INFINITE_RECURSION = YES;
				CLANG_WARN_INT_CONVERSION = YES;
				CLANG_WARN_NON_LITERAL_NULL_CONVERSION = YES;
				CLANG_WARN_OBJC_IMPLICIT_RETAIN_SELF = YES;
				CLANG_WARN_OBJC_LITERAL_CONVERSION = YES;
				CLANG_WARN_OBJC_ROOT_CLASS = YES_ERROR;
				CLANG_WARN_QUOTED_INCLUDE_IN_FRAMEWORK_HEADER = YES;
				CLANG_WARN_RANGE_LOOP_ANALYSIS = YES;
				CLANG_WARN_STRICT_PROTOTYPES = YES;
				CLANG_WARN_SUSPICIOUS_MOVE = YES;
				CLANG_WARN_UNGUARDED_AVAILABILITY = YES_AGGRESSIVE;
				CLANG_WARN_UNREACHABLE_CODE = YES;
				CLANG_WARN__DUPLICATE_METHOD_MATCH = YES;
				COPY_PHASE_STRIP = NO;
				DEBUG_INFORMATION_FORMAT = dwarf;
				ENABLE_STRICT_OBJC_MSGSEND = YES;
				ENABLE_TESTABILITY = YES;
				GCC_C_LANGUAGE_STANDARD = gnu11;
				GCC_DYNAMIC_NO_PIC = NO;
				GCC_NO_COMMON_BLOCKS = YES;
				GCC_OPTIMIZATION_LEVEL = 0;
				GCC_PREPROCESSOR_DEFINITIONS = (
					"DEBUG=1",
					"$(inherited)",
				);
				GCC_WARN_64_TO_32_BIT_CONVERSION = YES;
				GCC_WARN_ABOUT_RETURN_TYPE = YES_ERROR;
				GCC_WARN_UNDECLARED_SELECTOR = YES;
				GCC_WARN_UNINITIALIZED_AUTOS = YES_AGGRESSIVE;
				GCC_WARN_UNUSED_FUNCTION = YES;
				GCC_WARN_UNUSED_VARIABLE = YES;
				IPHONEOS_DEPLOYMENT_TARGET = 15.0;
				MTL_ENABLE_DEBUG_INFO = INCLUDE_SOURCE;
				MTL_FAST_MATH = YES;
				ONLY_ACTIVE_ARCH = YES;
				SDKROOT = iphoneos;
				SWIFT_ACTIVE_COMPILATION_CONDITIONS = DEBUG;
				SWIFT_OPTIMIZATION_LEVEL = "-Onone";
			};
			name = Debug;
		};
		C337C3F6272DBBC6002BFB43 /* Release */ = {
			isa = XCBuildConfiguration;
			buildSettings = {
				ALWAYS_SEARCH_USER_PATHS = NO;
				CLANG_ANALYZER_NONNULL = YES;
				CLANG_ANALYZER_NUMBER_OBJECT_CONVERSION = YES_AGGRESSIVE;
				CLANG_CXX_LANGUAGE_STANDARD = "gnu++17";
				CLANG_CXX_LIBRARY = "libc++";
				CLANG_ENABLE_MODULES = YES;
				CLANG_ENABLE_OBJC_ARC = YES;
				CLANG_ENABLE_OBJC_WEAK = YES;
				CLANG_WARN_BLOCK_CAPTURE_AUTORELEASING = YES;
				CLANG_WARN_BOOL_CONVERSION = YES;
				CLANG_WARN_COMMA = YES;
				CLANG_WARN_CONSTANT_CONVERSION = YES;
				CLANG_WARN_DEPRECATED_OBJC_IMPLEMENTATIONS = YES;
				CLANG_WARN_DIRECT_OBJC_ISA_USAGE = YES_ERROR;
				CLANG_WARN_DOCUMENTATION_COMMENTS = YES;
				CLANG_WARN_EMPTY_BODY = YES;
				CLANG_WARN_ENUM_CONVERSION = YES;
				CLANG_WARN_INFINITE_RECURSION = YES;
				CLANG_WARN_INT_CONVERSION = YES;
				CLANG_WARN_NON_LITERAL_NULL_CONVERSION = YES;
				CLANG_WARN_OBJC_IMPLICIT_RETAIN_SELF = YES;
				CLANG_WARN_OBJC_LITERAL_CONVERSION = YES;
				CLANG_WARN_OBJC_ROOT_CLASS = YES_ERROR;
				CLANG_WARN_QUOTED_INCLUDE_IN_FRAMEWORK_HEADER = YES;
				CLANG_WARN_RANGE_LOOP_ANALYSIS = YES;
				CLANG_WARN_STRICT_PROTOTYPES = YES;
				CLANG_WARN_SUSPICIOUS_MOVE = YES;
				CLANG_WARN_UNGUARDED_AVAILABILITY = YES_AGGRESSIVE;
				CLANG_WARN_UNREACHABLE_CODE = YES;
				CLANG_WARN__DUPLICATE_METHOD_MATCH = YES;
				COPY_PHASE_STRIP = NO;
				DEBUG_INFORMATION_FORMAT = "dwarf-with-dsym";
				ENABLE_NS_ASSERTIONS = NO;
				ENABLE_STRICT_OBJC_MSGSEND = YES;
				GCC_C_LANGUAGE_STANDARD = gnu11;
				GCC_NO_COMMON_BLOCKS = YES;
				GCC_WARN_64_TO_32_BIT_CONVERSION = YES;
				GCC_WARN_ABOUT_RETURN_TYPE = YES_ERROR;
				GCC_WARN_UNDECLARED_SELECTOR = YES;
				GCC_WARN_UNINITIALIZED_AUTOS = YES_AGGRESSIVE;
				GCC_WARN_UNUSED_FUNCTION = YES;
				GCC_WARN_UNUSED_VARIABLE = YES;
				IPHONEOS_DEPLOYMENT_TARGET = 15.0;
				MTL_ENABLE_DEBUG_INFO = NO;
				MTL_FAST_MATH = YES;
				SDKROOT = iphoneos;
				SWIFT_COMPILATION_MODE = wholemodule;
				SWIFT_OPTIMIZATION_LEVEL = "-O";
				VALIDATE_PRODUCT = YES;
			};
			name = Release;
		};
		C337C3F8272DBBC6002BFB43 /* Debug */ = {
			isa = XCBuildConfiguration;
			baseConfigurationReference = F638B176E00779E806BEF38C /* Pods-Messenger.debug.xcconfig */;
			buildSettings = {
				ASSETCATALOG_COMPILER_APPICON_NAME = AppIcon;
				ASSETCATALOG_COMPILER_GLOBAL_ACCENT_COLOR_NAME = AccentColor;
				CODE_SIGN_STYLE = Automatic;
				CURRENT_PROJECT_VERSION = 1;
				GENERATE_INFOPLIST_FILE = YES;
				INFOPLIST_FILE = Messenger/Info.plist;
				INFOPLIST_KEY_UIApplicationSupportsIndirectInputEvents = YES;
				INFOPLIST_KEY_UILaunchStoryboardName = LaunchScreen;
				INFOPLIST_KEY_UIMainStoryboardFile = Main;
				INFOPLIST_KEY_UISupportedInterfaceOrientations_iPad = "UIInterfaceOrientationPortrait UIInterfaceOrientationPortraitUpsideDown UIInterfaceOrientationLandscapeLeft UIInterfaceOrientationLandscapeRight";
				INFOPLIST_KEY_UISupportedInterfaceOrientations_iPhone = "UIInterfaceOrientationPortrait UIInterfaceOrientationLandscapeLeft UIInterfaceOrientationLandscapeRight";
				LD_RUNPATH_SEARCH_PATHS = (
					"$(inherited)",
					"@executable_path/Frameworks",
				);
				MARKETING_VERSION = 1.0;
				PRODUCT_BUNDLE_IDENTIFIER = "Daad-Alotaibi.Messenger";
				PRODUCT_NAME = "$(TARGET_NAME)";
				SWIFT_EMIT_LOC_STRINGS = YES;
				SWIFT_VERSION = 5.0;
				TARGETED_DEVICE_FAMILY = "1,2";
			};
			name = Debug;
		};
		C337C3F9272DBBC6002BFB43 /* Release */ = {
			isa = XCBuildConfiguration;
			baseConfigurationReference = 54BBEB1736E2453E5CF1D2A2 /* Pods-Messenger.release.xcconfig */;
			buildSettings = {
				ASSETCATALOG_COMPILER_APPICON_NAME = AppIcon;
				ASSETCATALOG_COMPILER_GLOBAL_ACCENT_COLOR_NAME = AccentColor;
				CODE_SIGN_STYLE = Automatic;
				CURRENT_PROJECT_VERSION = 1;
				GENERATE_INFOPLIST_FILE = YES;
				INFOPLIST_FILE = Messenger/Info.plist;
				INFOPLIST_KEY_UIApplicationSupportsIndirectInputEvents = YES;
				INFOPLIST_KEY_UILaunchStoryboardName = LaunchScreen;
				INFOPLIST_KEY_UIMainStoryboardFile = Main;
				INFOPLIST_KEY_UISupportedInterfaceOrientations_iPad = "UIInterfaceOrientationPortrait UIInterfaceOrientationPortraitUpsideDown UIInterfaceOrientationLandscapeLeft UIInterfaceOrientationLandscapeRight";
				INFOPLIST_KEY_UISupportedInterfaceOrientations_iPhone = "UIInterfaceOrientationPortrait UIInterfaceOrientationLandscapeLeft UIInterfaceOrientationLandscapeRight";
				LD_RUNPATH_SEARCH_PATHS = (
					"$(inherited)",
					"@executable_path/Frameworks",
				);
				MARKETING_VERSION = 1.0;
				PRODUCT_BUNDLE_IDENTIFIER = "Daad-Alotaibi.Messenger";
				PRODUCT_NAME = "$(TARGET_NAME)";
				SWIFT_EMIT_LOC_STRINGS = YES;
				SWIFT_VERSION = 5.0;
				TARGETED_DEVICE_FAMILY = "1,2";
			};
			name = Release;
		};
		C337C3FB272DBBC6002BFB43 /* Debug */ = {
			isa = XCBuildConfiguration;
			baseConfigurationReference = 3A390351CA058DF60C47F5C1 /* Pods-MessengerTests.debug.xcconfig */;
			buildSettings = {
				ALWAYS_EMBED_SWIFT_STANDARD_LIBRARIES = YES;
				BUNDLE_LOADER = "$(TEST_HOST)";
				CODE_SIGN_STYLE = Automatic;
				CURRENT_PROJECT_VERSION = 1;
				GENERATE_INFOPLIST_FILE = YES;
				IPHONEOS_DEPLOYMENT_TARGET = 15.0;
				LD_RUNPATH_SEARCH_PATHS = (
					"$(inherited)",
					"@executable_path/Frameworks",
					"@loader_path/Frameworks",
				);
				MARKETING_VERSION = 1.0;
				PRODUCT_BUNDLE_IDENTIFIER = "Daad-Alotaibi.MessengerTests";
				PRODUCT_NAME = "$(TARGET_NAME)";
				SWIFT_EMIT_LOC_STRINGS = NO;
				SWIFT_VERSION = 5.0;
				TARGETED_DEVICE_FAMILY = "1,2";
				TEST_HOST = "$(BUILT_PRODUCTS_DIR)/Messenger.app/Messenger";
			};
			name = Debug;
		};
		C337C3FC272DBBC6002BFB43 /* Release */ = {
			isa = XCBuildConfiguration;
			baseConfigurationReference = 52C49C720BB24B9C4B766167 /* Pods-MessengerTests.release.xcconfig */;
			buildSettings = {
				ALWAYS_EMBED_SWIFT_STANDARD_LIBRARIES = YES;
				BUNDLE_LOADER = "$(TEST_HOST)";
				CODE_SIGN_STYLE = Automatic;
				CURRENT_PROJECT_VERSION = 1;
				GENERATE_INFOPLIST_FILE = YES;
				IPHONEOS_DEPLOYMENT_TARGET = 15.0;
				LD_RUNPATH_SEARCH_PATHS = (
					"$(inherited)",
					"@executable_path/Frameworks",
					"@loader_path/Frameworks",
				);
				MARKETING_VERSION = 1.0;
				PRODUCT_BUNDLE_IDENTIFIER = "Daad-Alotaibi.MessengerTests";
				PRODUCT_NAME = "$(TARGET_NAME)";
				SWIFT_EMIT_LOC_STRINGS = NO;
				SWIFT_VERSION = 5.0;
				TARGETED_DEVICE_FAMILY = "1,2";
				TEST_HOST = "$(BUILT_PRODUCTS_DIR)/Messenger.app/Messenger";
			};
			name = Release;
		};
		C337C3FE272DBBC6002BFB43 /* Debug */ = {
			isa = XCBuildConfiguration;
			baseConfigurationReference = 843F18BE68D2A9EF6E6515B6 /* Pods-Messenger-MessengerUITests.debug.xcconfig */;
			buildSettings = {
				ALWAYS_EMBED_SWIFT_STANDARD_LIBRARIES = YES;
				CODE_SIGN_STYLE = Automatic;
				CURRENT_PROJECT_VERSION = 1;
				GENERATE_INFOPLIST_FILE = YES;
				LD_RUNPATH_SEARCH_PATHS = (
					"$(inherited)",
					"@executable_path/Frameworks",
					"@loader_path/Frameworks",
				);
				MARKETING_VERSION = 1.0;
				PRODUCT_BUNDLE_IDENTIFIER = "Daad-Alotaibi.MessengerUITests";
				PRODUCT_NAME = "$(TARGET_NAME)";
				SWIFT_EMIT_LOC_STRINGS = NO;
				SWIFT_VERSION = 5.0;
				TARGETED_DEVICE_FAMILY = "1,2";
				TEST_TARGET_NAME = Messenger;
			};
			name = Debug;
		};
		C337C3FF272DBBC6002BFB43 /* Release */ = {
			isa = XCBuildConfiguration;
			baseConfigurationReference = 60A8A14E17878679358C3474 /* Pods-Messenger-MessengerUITests.release.xcconfig */;
			buildSettings = {
				ALWAYS_EMBED_SWIFT_STANDARD_LIBRARIES = YES;
				CODE_SIGN_STYLE = Automatic;
				CURRENT_PROJECT_VERSION = 1;
				GENERATE_INFOPLIST_FILE = YES;
				LD_RUNPATH_SEARCH_PATHS = (
					"$(inherited)",
					"@executable_path/Frameworks",
					"@loader_path/Frameworks",
				);
				MARKETING_VERSION = 1.0;
				PRODUCT_BUNDLE_IDENTIFIER = "Daad-Alotaibi.MessengerUITests";
				PRODUCT_NAME = "$(TARGET_NAME)";
				SWIFT_EMIT_LOC_STRINGS = NO;
				SWIFT_VERSION = 5.0;
				TARGETED_DEVICE_FAMILY = "1,2";
				TEST_TARGET_NAME = Messenger;
			};
			name = Release;
		};
/* End XCBuildConfiguration section */

/* Begin XCConfigurationList section */
		C337C3C8272DBBC5002BFB43 /* Build configuration list for PBXProject "Messenger" */ = {
			isa = XCConfigurationList;
			buildConfigurations = (
				C337C3F5272DBBC6002BFB43 /* Debug */,
				C337C3F6272DBBC6002BFB43 /* Release */,
			);
			defaultConfigurationIsVisible = 0;
			defaultConfigurationName = Release;
		};
		C337C3F7272DBBC6002BFB43 /* Build configuration list for PBXNativeTarget "Messenger" */ = {
			isa = XCConfigurationList;
			buildConfigurations = (
				C337C3F8272DBBC6002BFB43 /* Debug */,
				C337C3F9272DBBC6002BFB43 /* Release */,
			);
			defaultConfigurationIsVisible = 0;
			defaultConfigurationName = Release;
		};
		C337C3FA272DBBC6002BFB43 /* Build configuration list for PBXNativeTarget "MessengerTests" */ = {
			isa = XCConfigurationList;
			buildConfigurations = (
				C337C3FB272DBBC6002BFB43 /* Debug */,
				C337C3FC272DBBC6002BFB43 /* Release */,
			);
			defaultConfigurationIsVisible = 0;
			defaultConfigurationName = Release;
		};
		C337C3FD272DBBC6002BFB43 /* Build configuration list for PBXNativeTarget "MessengerUITests" */ = {
			isa = XCConfigurationList;
			buildConfigurations = (
				C337C3FE272DBBC6002BFB43 /* Debug */,
				C337C3FF272DBBC6002BFB43 /* Release */,
			);
			defaultConfigurationIsVisible = 0;
			defaultConfigurationName = Release;
		};
/* End XCConfigurationList section */
	};
	rootObject = C337C3C5272DBBC5002BFB43 /* Project object */;
}
